// !$*UTF8*$!
{
	archiveVersion = 1;
	classes = {
	};
	objectVersion = 56;
	objects = {

/* Begin PBXBuildFile section */
		AE1208D42ACADC80008D5725 /* NutmegApp.swift in Sources */ = {isa = PBXBuildFile; fileRef = AE1208D32ACADC80008D5725 /* NutmegApp.swift */; };
		AE1208D62ACADC80008D5725 /* HomeView.swift in Sources */ = {isa = PBXBuildFile; fileRef = AE1208D52ACADC80008D5725 /* HomeView.swift */; };
		AE1208D82ACADC81008D5725 /* Assets.xcassets in Resources */ = {isa = PBXBuildFile; fileRef = AE1208D72ACADC81008D5725 /* Assets.xcassets */; };
		AE1208DB2ACADC81008D5725 /* Preview Assets.xcassets in Resources */ = {isa = PBXBuildFile; fileRef = AE1208DA2ACADC81008D5725 /* Preview Assets.xcassets */; };
		AE1208E52ACADC81008D5725 /* NutmegTests.swift in Sources */ = {isa = PBXBuildFile; fileRef = AE1208E42ACADC81008D5725 /* NutmegTests.swift */; };
		AE1208EF2ACADC81008D5725 /* NutmegUITests.swift in Sources */ = {isa = PBXBuildFile; fileRef = AE1208EE2ACADC81008D5725 /* NutmegUITests.swift */; };
		AE1208FE2ACADC8E008D5725 /* Post.swift in Sources */ = {isa = PBXBuildFile; fileRef = AE1208FD2ACADC8E008D5725 /* Post.swift */; };
		AE1209002ACADC95008D5725 /* Comment.swift in Sources */ = {isa = PBXBuildFile; fileRef = AE1208FF2ACADC95008D5725 /* Comment.swift */; };
		AE1209022ACADC9A008D5725 /* User.swift in Sources */ = {isa = PBXBuildFile; fileRef = AE1209012ACADC9A008D5725 /* User.swift */; };
		AE1209042ACADCA0008D5725 /* CellInfo.swift in Sources */ = {isa = PBXBuildFile; fileRef = AE1209032ACADCA0008D5725 /* CellInfo.swift */; };
		AE1209072ACADD47008D5725 /* APIService.swift in Sources */ = {isa = PBXBuildFile; fileRef = AE1209062ACADD47008D5725 /* APIService.swift */; };
		AE12090A2ACADD6F008D5725 /* PostService.swift in Sources */ = {isa = PBXBuildFile; fileRef = AE1209092ACADD6F008D5725 /* PostService.swift */; };
		AE12090D2ACADD8C008D5725 /* PostServiceImpl.swift in Sources */ = {isa = PBXBuildFile; fileRef = AE12090C2ACADD8C008D5725 /* PostServiceImpl.swift */; };
		AE12090F2ACADD9E008D5725 /* UserService.swift in Sources */ = {isa = PBXBuildFile; fileRef = AE12090E2ACADD9E008D5725 /* UserService.swift */; };
		AE1209112ACADDA5008D5725 /* UserServiceImpl.swift in Sources */ = {isa = PBXBuildFile; fileRef = AE1209102ACADDA5008D5725 /* UserServiceImpl.swift */; };
		AE1209142ACADDDE008D5725 /* CommentsService.swift in Sources */ = {isa = PBXBuildFile; fileRef = AE1209132ACADDDE008D5725 /* CommentsService.swift */; };
		AE1209162ACADDE6008D5725 /* CommentsServiceImpl.swift in Sources */ = {isa = PBXBuildFile; fileRef = AE1209152ACADDE6008D5725 /* CommentsServiceImpl.swift */; };
		AE1209192ACADE3D008D5725 /* PostServiceMock.swift in Sources */ = {isa = PBXBuildFile; fileRef = AE1209182ACADE3D008D5725 /* PostServiceMock.swift */; };
		AE12091B2ACADE44008D5725 /* UserServiceMock.swift in Sources */ = {isa = PBXBuildFile; fileRef = AE12091A2ACADE44008D5725 /* UserServiceMock.swift */; };
		AE12091D2ACADE4D008D5725 /* CommentsServiceMock.swift in Sources */ = {isa = PBXBuildFile; fileRef = AE12091C2ACADE4D008D5725 /* CommentsServiceMock.swift */; };
		AE1209212ACADEBB008D5725 /* HomeViewModel.swift in Sources */ = {isa = PBXBuildFile; fileRef = AE1209202ACADEBB008D5725 /* HomeViewModel.swift */; };
		AE1209232ACADEDB008D5725 /* PostDetailsView.swift in Sources */ = {isa = PBXBuildFile; fileRef = AE1209222ACADEDB008D5725 /* PostDetailsView.swift */; };
		AE1209252ACADEE9008D5725 /* PostDetailsViewModel.swift in Sources */ = {isa = PBXBuildFile; fileRef = AE1209242ACADEE9008D5725 /* PostDetailsViewModel.swift */; };
/* End PBXBuildFile section */

/* Begin PBXContainerItemProxy section */
		AE1208E12ACADC81008D5725 /* PBXContainerItemProxy */ = {
			isa = PBXContainerItemProxy;
			containerPortal = AE1208C82ACADC80008D5725 /* Project object */;
			proxyType = 1;
			remoteGlobalIDString = AE1208CF2ACADC80008D5725;
			remoteInfo = Nutmeg;
		};
		AE1208EB2ACADC81008D5725 /* PBXContainerItemProxy */ = {
			isa = PBXContainerItemProxy;
			containerPortal = AE1208C82ACADC80008D5725 /* Project object */;
			proxyType = 1;
			remoteGlobalIDString = AE1208CF2ACADC80008D5725;
			remoteInfo = Nutmeg;
		};
/* End PBXContainerItemProxy section */

/* Begin PBXFileReference section */
		AE1208D02ACADC80008D5725 /* Nutmeg.app */ = {isa = PBXFileReference; explicitFileType = wrapper.application; includeInIndex = 0; path = Nutmeg.app; sourceTree = BUILT_PRODUCTS_DIR; };
		AE1208D32ACADC80008D5725 /* NutmegApp.swift */ = {isa = PBXFileReference; lastKnownFileType = sourcecode.swift; path = NutmegApp.swift; sourceTree = "<group>"; };
		AE1208D52ACADC80008D5725 /* HomeView.swift */ = {isa = PBXFileReference; lastKnownFileType = sourcecode.swift; path = HomeView.swift; sourceTree = "<group>"; };
		AE1208D72ACADC81008D5725 /* Assets.xcassets */ = {isa = PBXFileReference; lastKnownFileType = folder.assetcatalog; path = Assets.xcassets; sourceTree = "<group>"; };
		AE1208DA2ACADC81008D5725 /* Preview Assets.xcassets */ = {isa = PBXFileReference; lastKnownFileType = folder.assetcatalog; path = "Preview Assets.xcassets"; sourceTree = "<group>"; };
		AE1208E02ACADC81008D5725 /* NutmegTests.xctest */ = {isa = PBXFileReference; explicitFileType = wrapper.cfbundle; includeInIndex = 0; path = NutmegTests.xctest; sourceTree = BUILT_PRODUCTS_DIR; };
		AE1208E42ACADC81008D5725 /* NutmegTests.swift */ = {isa = PBXFileReference; lastKnownFileType = sourcecode.swift; path = NutmegTests.swift; sourceTree = "<group>"; };
		AE1208EA2ACADC81008D5725 /* NutmegUITests.xctest */ = {isa = PBXFileReference; explicitFileType = wrapper.cfbundle; includeInIndex = 0; path = NutmegUITests.xctest; sourceTree = BUILT_PRODUCTS_DIR; };
		AE1208EE2ACADC81008D5725 /* NutmegUITests.swift */ = {isa = PBXFileReference; lastKnownFileType = sourcecode.swift; path = NutmegUITests.swift; sourceTree = "<group>"; };
		AE1208FD2ACADC8E008D5725 /* Post.swift */ = {isa = PBXFileReference; lastKnownFileType = sourcecode.swift; path = Post.swift; sourceTree = "<group>"; };
		AE1208FF2ACADC95008D5725 /* Comment.swift */ = {isa = PBXFileReference; lastKnownFileType = sourcecode.swift; path = Comment.swift; sourceTree = "<group>"; };
		AE1209012ACADC9A008D5725 /* User.swift */ = {isa = PBXFileReference; lastKnownFileType = sourcecode.swift; path = User.swift; sourceTree = "<group>"; };
		AE1209032ACADCA0008D5725 /* CellInfo.swift */ = {isa = PBXFileReference; lastKnownFileType = sourcecode.swift; path = CellInfo.swift; sourceTree = "<group>"; };
		AE1209062ACADD47008D5725 /* APIService.swift */ = {isa = PBXFileReference; lastKnownFileType = sourcecode.swift; path = APIService.swift; sourceTree = "<group>"; };
		AE1209092ACADD6F008D5725 /* PostService.swift */ = {isa = PBXFileReference; lastKnownFileType = sourcecode.swift; path = PostService.swift; sourceTree = "<group>"; };
		AE12090C2ACADD8C008D5725 /* PostServiceImpl.swift */ = {isa = PBXFileReference; lastKnownFileType = sourcecode.swift; path = PostServiceImpl.swift; sourceTree = "<group>"; };
		AE12090E2ACADD9E008D5725 /* UserService.swift */ = {isa = PBXFileReference; lastKnownFileType = sourcecode.swift; path = UserService.swift; sourceTree = "<group>"; };
		AE1209102ACADDA5008D5725 /* UserServiceImpl.swift */ = {isa = PBXFileReference; lastKnownFileType = sourcecode.swift; path = UserServiceImpl.swift; sourceTree = "<group>"; };
		AE1209132ACADDDE008D5725 /* CommentsService.swift */ = {isa = PBXFileReference; lastKnownFileType = sourcecode.swift; path = CommentsService.swift; sourceTree = "<group>"; };
		AE1209152ACADDE6008D5725 /* CommentsServiceImpl.swift */ = {isa = PBXFileReference; lastKnownFileType = sourcecode.swift; path = CommentsServiceImpl.swift; sourceTree = "<group>"; };
		AE1209182ACADE3D008D5725 /* PostServiceMock.swift */ = {isa = PBXFileReference; lastKnownFileType = sourcecode.swift; path = PostServiceMock.swift; sourceTree = "<group>"; };
		AE12091A2ACADE44008D5725 /* UserServiceMock.swift */ = {isa = PBXFileReference; lastKnownFileType = sourcecode.swift; path = UserServiceMock.swift; sourceTree = "<group>"; };
		AE12091C2ACADE4D008D5725 /* CommentsServiceMock.swift */ = {isa = PBXFileReference; lastKnownFileType = sourcecode.swift; path = CommentsServiceMock.swift; sourceTree = "<group>"; };
		AE1209202ACADEBB008D5725 /* HomeViewModel.swift */ = {isa = PBXFileReference; lastKnownFileType = sourcecode.swift; path = HomeViewModel.swift; sourceTree = "<group>"; };
		AE1209222ACADEDB008D5725 /* PostDetailsView.swift */ = {isa = PBXFileReference; lastKnownFileType = sourcecode.swift; path = PostDetailsView.swift; sourceTree = "<group>"; };
		AE1209242ACADEE9008D5725 /* PostDetailsViewModel.swift */ = {isa = PBXFileReference; lastKnownFileType = sourcecode.swift; path = PostDetailsViewModel.swift; sourceTree = "<group>"; };
/* End PBXFileReference section */

/* Begin PBXFrameworksBuildPhase section */
		AE1208CD2ACADC80008D5725 /* Frameworks */ = {
			isa = PBXFrameworksBuildPhase;
			buildActionMask = 2147483647;
			files = (
			);
			runOnlyForDeploymentPostprocessing = 0;
		};
		AE1208DD2ACADC81008D5725 /* Frameworks */ = {
			isa = PBXFrameworksBuildPhase;
			buildActionMask = 2147483647;
			files = (
			);
			runOnlyForDeploymentPostprocessing = 0;
		};
		AE1208E72ACADC81008D5725 /* Frameworks */ = {
			isa = PBXFrameworksBuildPhase;
			buildActionMask = 2147483647;
			files = (
			);
			runOnlyForDeploymentPostprocessing = 0;
		};
/* End PBXFrameworksBuildPhase section */

/* Begin PBXGroup section */
		AE1208C72ACADC80008D5725 = {
			isa = PBXGroup;
			children = (
				AE1208D22ACADC80008D5725 /* Nutmeg */,
				AE1208E32ACADC81008D5725 /* NutmegTests */,
				AE1208ED2ACADC81008D5725 /* NutmegUITests */,
				AE1208D12ACADC80008D5725 /* Products */,
			);
			sourceTree = "<group>";
		};
		AE1208D12ACADC80008D5725 /* Products */ = {
			isa = PBXGroup;
			children = (
				AE1208D02ACADC80008D5725 /* Nutmeg.app */,
				AE1208E02ACADC81008D5725 /* NutmegTests.xctest */,
				AE1208EA2ACADC81008D5725 /* NutmegUITests.xctest */,
			);
			name = Products;
			sourceTree = "<group>";
		};
		AE1208D22ACADC80008D5725 /* Nutmeg */ = {
			isa = PBXGroup;
			children = (
				AE1208D32ACADC80008D5725 /* NutmegApp.swift */,
				AE12091F2ACADEB1008D5725 /* Home */,
				AE1209262ACADEEE008D5725 /* Post */,
				AE1208D72ACADC81008D5725 /* Assets.xcassets */,
				AE1208D92ACADC81008D5725 /* Preview Content */,
				AE1209052ACADCA5008D5725 /* Model */,
				AE1209082ACADD4C008D5725 /* Engine */,
				AE12091E2ACADE51008D5725 /* Mock */,
			);
			path = Nutmeg;
			sourceTree = "<group>";
		};
		AE1208D92ACADC81008D5725 /* Preview Content */ = {
			isa = PBXGroup;
			children = (
				AE1208DA2ACADC81008D5725 /* Preview Assets.xcassets */,
			);
			path = "Preview Content";
			sourceTree = "<group>";
		};
		AE1208E32ACADC81008D5725 /* NutmegTests */ = {
			isa = PBXGroup;
			children = (
				AE1208E42ACADC81008D5725 /* NutmegTests.swift */,
			);
			path = NutmegTests;
			sourceTree = "<group>";
		};
		AE1208ED2ACADC81008D5725 /* NutmegUITests */ = {
			isa = PBXGroup;
			children = (
				AE1208EE2ACADC81008D5725 /* NutmegUITests.swift */,
			);
			path = NutmegUITests;
			sourceTree = "<group>";
		};
		AE1209052ACADCA5008D5725 /* Model */ = {
			isa = PBXGroup;
			children = (
				AE1208FD2ACADC8E008D5725 /* Post.swift */,
				AE1208FF2ACADC95008D5725 /* Comment.swift */,
				AE1209012ACADC9A008D5725 /* User.swift */,
				AE1209032ACADCA0008D5725 /* CellInfo.swift */,
			);
			path = Model;
			sourceTree = "<group>";
		};
		AE1209082ACADD4C008D5725 /* Engine */ = {
			isa = PBXGroup;
			children = (
				AE1209062ACADD47008D5725 /* APIService.swift */,
				AE12090B2ACADD73008D5725 /* PostService */,
				AE1209122ACADDB1008D5725 /* UserService */,
				AE1209172ACADDEC008D5725 /* CommentsService */,
			);
			path = Engine;
			sourceTree = "<group>";
		};
		AE12090B2ACADD73008D5725 /* PostService */ = {
			isa = PBXGroup;
			children = (
				AE1209092ACADD6F008D5725 /* PostService.swift */,
				AE12090C2ACADD8C008D5725 /* PostServiceImpl.swift */,
			);
			path = PostService;
			sourceTree = "<group>";
		};
		AE1209122ACADDB1008D5725 /* UserService */ = {
			isa = PBXGroup;
			children = (
				AE12090E2ACADD9E008D5725 /* UserService.swift */,
				AE1209102ACADDA5008D5725 /* UserServiceImpl.swift */,
			);
			path = UserService;
			sourceTree = "<group>";
		};
		AE1209172ACADDEC008D5725 /* CommentsService */ = {
			isa = PBXGroup;
			children = (
				AE1209132ACADDDE008D5725 /* CommentsService.swift */,
				AE1209152ACADDE6008D5725 /* CommentsServiceImpl.swift */,
			);
			path = CommentsService;
			sourceTree = "<group>";
		};
		AE12091E2ACADE51008D5725 /* Mock */ = {
			isa = PBXGroup;
			children = (
				AE1209182ACADE3D008D5725 /* PostServiceMock.swift */,
				AE12091A2ACADE44008D5725 /* UserServiceMock.swift */,
				AE12091C2ACADE4D008D5725 /* CommentsServiceMock.swift */,
			);
			path = Mock;
			sourceTree = "<group>";
		};
		AE12091F2ACADEB1008D5725 /* Home */ = {
			isa = PBXGroup;
			children = (
				AE1208D52ACADC80008D5725 /* HomeView.swift */,
				AE1209202ACADEBB008D5725 /* HomeViewModel.swift */,
			);
			path = Home;
			sourceTree = "<group>";
		};
		AE1209262ACADEEE008D5725 /* Post */ = {
			isa = PBXGroup;
			children = (
				AE1209222ACADEDB008D5725 /* PostDetailsView.swift */,
				AE1209242ACADEE9008D5725 /* PostDetailsViewModel.swift */,
			);
			path = Post;
			sourceTree = "<group>";
		};
/* End PBXGroup section */

/* Begin PBXNativeTarget section */
		AE1208CF2ACADC80008D5725 /* Nutmeg */ = {
			isa = PBXNativeTarget;
			buildConfigurationList = AE1208F42ACADC81008D5725 /* Build configuration list for PBXNativeTarget "Nutmeg" */;
			buildPhases = (
				AE1208CC2ACADC80008D5725 /* Sources */,
				AE1208CD2ACADC80008D5725 /* Frameworks */,
				AE1208CE2ACADC80008D5725 /* Resources */,
			);
			buildRules = (
			);
			dependencies = (
			);
			name = Nutmeg;
			productName = Nutmeg;
			productReference = AE1208D02ACADC80008D5725 /* Nutmeg.app */;
			productType = "com.apple.product-type.application";
		};
		AE1208DF2ACADC81008D5725 /* NutmegTests */ = {
			isa = PBXNativeTarget;
			buildConfigurationList = AE1208F72ACADC81008D5725 /* Build configuration list for PBXNativeTarget "NutmegTests" */;
			buildPhases = (
				AE1208DC2ACADC81008D5725 /* Sources */,
				AE1208DD2ACADC81008D5725 /* Frameworks */,
				AE1208DE2ACADC81008D5725 /* Resources */,
			);
			buildRules = (
			);
			dependencies = (
				AE1208E22ACADC81008D5725 /* PBXTargetDependency */,
			);
			name = NutmegTests;
			productName = NutmegTests;
			productReference = AE1208E02ACADC81008D5725 /* NutmegTests.xctest */;
			productType = "com.apple.product-type.bundle.unit-test";
		};
		AE1208E92ACADC81008D5725 /* NutmegUITests */ = {
			isa = PBXNativeTarget;
			buildConfigurationList = AE1208FA2ACADC81008D5725 /* Build configuration list for PBXNativeTarget "NutmegUITests" */;
			buildPhases = (
				AE1208E62ACADC81008D5725 /* Sources */,
				AE1208E72ACADC81008D5725 /* Frameworks */,
				AE1208E82ACADC81008D5725 /* Resources */,
			);
			buildRules = (
			);
			dependencies = (
				AE1208EC2ACADC81008D5725 /* PBXTargetDependency */,
			);
			name = NutmegUITests;
			productName = NutmegUITests;
			productReference = AE1208EA2ACADC81008D5725 /* NutmegUITests.xctest */;
			productType = "com.apple.product-type.bundle.ui-testing";
		};
/* End PBXNativeTarget section */

/* Begin PBXProject section */
		AE1208C82ACADC80008D5725 /* Project object */ = {
			isa = PBXProject;
			attributes = {
				BuildIndependentTargetsInParallel = 1;
				LastSwiftUpdateCheck = 1430;
				LastUpgradeCheck = 1430;
				TargetAttributes = {
					AE1208CF2ACADC80008D5725 = {
						CreatedOnToolsVersion = 14.3.1;
					};
					AE1208DF2ACADC81008D5725 = {
						CreatedOnToolsVersion = 14.3.1;
						TestTargetID = AE1208CF2ACADC80008D5725;
					};
					AE1208E92ACADC81008D5725 = {
						CreatedOnToolsVersion = 14.3.1;
						TestTargetID = AE1208CF2ACADC80008D5725;
					};
				};
			};
			buildConfigurationList = AE1208CB2ACADC80008D5725 /* Build configuration list for PBXProject "Nutmeg" */;
			compatibilityVersion = "Xcode 14.0";
			developmentRegion = en;
			hasScannedForEncodings = 0;
			knownRegions = (
				en,
				Base,
			);
			mainGroup = AE1208C72ACADC80008D5725;
			productRefGroup = AE1208D12ACADC80008D5725 /* Products */;
			projectDirPath = "";
			projectRoot = "";
			targets = (
				AE1208CF2ACADC80008D5725 /* Nutmeg */,
				AE1208DF2ACADC81008D5725 /* NutmegTests */,
				AE1208E92ACADC81008D5725 /* NutmegUITests */,
			);
		};
/* End PBXProject section */

/* Begin PBXResourcesBuildPhase section */
		AE1208CE2ACADC80008D5725 /* Resources */ = {
			isa = PBXResourcesBuildPhase;
			buildActionMask = 2147483647;
			files = (
				AE1208DB2ACADC81008D5725 /* Preview Assets.xcassets in Resources */,
				AE1208D82ACADC81008D5725 /* Assets.xcassets in Resources */,
			);
			runOnlyForDeploymentPostprocessing = 0;
		};
		AE1208DE2ACADC81008D5725 /* Resources */ = {
			isa = PBXResourcesBuildPhase;
			buildActionMask = 2147483647;
			files = (
			);
			runOnlyForDeploymentPostprocessing = 0;
		};
		AE1208E82ACADC81008D5725 /* Resources */ = {
			isa = PBXResourcesBuildPhase;
			buildActionMask = 2147483647;
			files = (
			);
			runOnlyForDeploymentPostprocessing = 0;
		};
/* End PBXResourcesBuildPhase section */

/* Begin PBXSourcesBuildPhase section */
		AE1208CC2ACADC80008D5725 /* Sources */ = {
			isa = PBXSourcesBuildPhase;
			buildActionMask = 2147483647;
			files = (
				AE1209212ACADEBB008D5725 /* HomeViewModel.swift in Sources */,
				AE1208FE2ACADC8E008D5725 /* Post.swift in Sources */,
				AE1209072ACADD47008D5725 /* APIService.swift in Sources */,
				AE1208D62ACADC80008D5725 /* HomeView.swift in Sources */,
				AE1209142ACADDDE008D5725 /* CommentsService.swift in Sources */,
				AE12090A2ACADD6F008D5725 /* PostService.swift in Sources */,
				AE12091D2ACADE4D008D5725 /* CommentsServiceMock.swift in Sources */,
				AE12090D2ACADD8C008D5725 /* PostServiceImpl.swift in Sources */,
				AE1208D42ACADC80008D5725 /* NutmegApp.swift in Sources */,
				AE1209232ACADEDB008D5725 /* PostDetailsView.swift in Sources */,
				AE12090F2ACADD9E008D5725 /* UserService.swift in Sources */,
				AE1209252ACADEE9008D5725 /* PostDetailsViewModel.swift in Sources */,
				AE1209112ACADDA5008D5725 /* UserServiceImpl.swift in Sources */,
				AE1209042ACADCA0008D5725 /* CellInfo.swift in Sources */,
				AE1209022ACADC9A008D5725 /* User.swift in Sources */,
				AE1209192ACADE3D008D5725 /* PostServiceMock.swift in Sources */,
				AE1209162ACADDE6008D5725 /* CommentsServiceImpl.swift in Sources */,
				AE12091B2ACADE44008D5725 /* UserServiceMock.swift in Sources */,
				AE1209002ACADC95008D5725 /* Comment.swift in Sources */,
			);
			runOnlyForDeploymentPostprocessing = 0;
		};
		AE1208DC2ACADC81008D5725 /* Sources */ = {
			isa = PBXSourcesBuildPhase;
			buildActionMask = 2147483647;
			files = (
				AE1208E52ACADC81008D5725 /* NutmegTests.swift in Sources */,
			);
			runOnlyForDeploymentPostprocessing = 0;
		};
		AE1208E62ACADC81008D5725 /* Sources */ = {
			isa = PBXSourcesBuildPhase;
			buildActionMask = 2147483647;
			files = (
				AE1208EF2ACADC81008D5725 /* NutmegUITests.swift in Sources */,
			);
			runOnlyForDeploymentPostprocessing = 0;
		};
/* End PBXSourcesBuildPhase section */

/* Begin PBXTargetDependency section */
		AE1208E22ACADC81008D5725 /* PBXTargetDependency */ = {
			isa = PBXTargetDependency;
			target = AE1208CF2ACADC80008D5725 /* Nutmeg */;
			targetProxy = AE1208E12ACADC81008D5725 /* PBXContainerItemProxy */;
		};
		AE1208EC2ACADC81008D5725 /* PBXTargetDependency */ = {
			isa = PBXTargetDependency;
			target = AE1208CF2ACADC80008D5725 /* Nutmeg */;
			targetProxy = AE1208EB2ACADC81008D5725 /* PBXContainerItemProxy */;
		};
/* End PBXTargetDependency section */

/* Begin XCBuildConfiguration section */
		AE1208F22ACADC81008D5725 /* Debug */ = {
			isa = XCBuildConfiguration;
			buildSettings = {
				ALWAYS_SEARCH_USER_PATHS = NO;
				CLANG_ANALYZER_NONNULL = YES;
				CLANG_ANALYZER_NUMBER_OBJECT_CONVERSION = YES_AGGRESSIVE;
				CLANG_CXX_LANGUAGE_STANDARD = "gnu++20";
				CLANG_ENABLE_MODULES = YES;
				CLANG_ENABLE_OBJC_ARC = YES;
				CLANG_ENABLE_OBJC_WEAK = YES;
				CLANG_WARN_BLOCK_CAPTURE_AUTORELEASING = YES;
				CLANG_WARN_BOOL_CONVERSION = YES;
				CLANG_WARN_COMMA = YES;
				CLANG_WARN_CONSTANT_CONVERSION = YES;
				CLANG_WARN_DEPRECATED_OBJC_IMPLEMENTATIONS = YES;
				CLANG_WARN_DIRECT_OBJC_ISA_USAGE = YES_ERROR;
				CLANG_WARN_DOCUMENTATION_COMMENTS = YES;
				CLANG_WARN_EMPTY_BODY = YES;
				CLANG_WARN_ENUM_CONVERSION = YES;
				CLANG_WARN_INFINITE_RECURSION = YES;
				CLANG_WARN_INT_CONVERSION = YES;
				CLANG_WARN_NON_LITERAL_NULL_CONVERSION = YES;
				CLANG_WARN_OBJC_IMPLICIT_RETAIN_SELF = YES;
				CLANG_WARN_OBJC_LITERAL_CONVERSION = YES;
				CLANG_WARN_OBJC_ROOT_CLASS = YES_ERROR;
				CLANG_WARN_QUOTED_INCLUDE_IN_FRAMEWORK_HEADER = YES;
				CLANG_WARN_RANGE_LOOP_ANALYSIS = YES;
				CLANG_WARN_STRICT_PROTOTYPES = YES;
				CLANG_WARN_SUSPICIOUS_MOVE = YES;
				CLANG_WARN_UNGUARDED_AVAILABILITY = YES_AGGRESSIVE;
				CLANG_WARN_UNREACHABLE_CODE = YES;
				CLANG_WARN__DUPLICATE_METHOD_MATCH = YES;
				COPY_PHASE_STRIP = NO;
				DEBUG_INFORMATION_FORMAT = dwarf;
				ENABLE_STRICT_OBJC_MSGSEND = YES;
				ENABLE_TESTABILITY = YES;
				GCC_C_LANGUAGE_STANDARD = gnu11;
				GCC_DYNAMIC_NO_PIC = NO;
				GCC_NO_COMMON_BLOCKS = YES;
				GCC_OPTIMIZATION_LEVEL = 0;
				GCC_PREPROCESSOR_DEFINITIONS = (
					"DEBUG=1",
					"$(inherited)",
				);
				GCC_WARN_64_TO_32_BIT_CONVERSION = YES;
				GCC_WARN_ABOUT_RETURN_TYPE = YES_ERROR;
				GCC_WARN_UNDECLARED_SELECTOR = YES;
				GCC_WARN_UNINITIALIZED_AUTOS = YES_AGGRESSIVE;
				GCC_WARN_UNUSED_FUNCTION = YES;
				GCC_WARN_UNUSED_VARIABLE = YES;
				IPHONEOS_DEPLOYMENT_TARGET = 16.4;
				MTL_ENABLE_DEBUG_INFO = INCLUDE_SOURCE;
				MTL_FAST_MATH = YES;
				ONLY_ACTIVE_ARCH = YES;
				SDKROOT = iphoneos;
				SWIFT_ACTIVE_COMPILATION_CONDITIONS = DEBUG;
				SWIFT_OPTIMIZATION_LEVEL = "-Onone";
			};
			name = Debug;
		};
		AE1208F32ACADC81008D5725 /* Release */ = {
			isa = XCBuildConfiguration;
			buildSettings = {
				ALWAYS_SEARCH_USER_PATHS = NO;
				CLANG_ANALYZER_NONNULL = YES;
				CLANG_ANALYZER_NUMBER_OBJECT_CONVERSION = YES_AGGRESSIVE;
				CLANG_CXX_LANGUAGE_STANDARD = "gnu++20";
				CLANG_ENABLE_MODULES = YES;
				CLANG_ENABLE_OBJC_ARC = YES;
				CLANG_ENABLE_OBJC_WEAK = YES;
				CLANG_WARN_BLOCK_CAPTURE_AUTORELEASING = YES;
				CLANG_WARN_BOOL_CONVERSION = YES;
				CLANG_WARN_COMMA = YES;
				CLANG_WARN_CONSTANT_CONVERSION = YES;
				CLANG_WARN_DEPRECATED_OBJC_IMPLEMENTATIONS = YES;
				CLANG_WARN_DIRECT_OBJC_ISA_USAGE = YES_ERROR;
				CLANG_WARN_DOCUMENTATION_COMMENTS = YES;
				CLANG_WARN_EMPTY_BODY = YES;
				CLANG_WARN_ENUM_CONVERSION = YES;
				CLANG_WARN_INFINITE_RECURSION = YES;
				CLANG_WARN_INT_CONVERSION = YES;
				CLANG_WARN_NON_LITERAL_NULL_CONVERSION = YES;
				CLANG_WARN_OBJC_IMPLICIT_RETAIN_SELF = YES;
				CLANG_WARN_OBJC_LITERAL_CONVERSION = YES;
				CLANG_WARN_OBJC_ROOT_CLASS = YES_ERROR;
				CLANG_WARN_QUOTED_INCLUDE_IN_FRAMEWORK_HEADER = YES;
				CLANG_WARN_RANGE_LOOP_ANALYSIS = YES;
				CLANG_WARN_STRICT_PROTOTYPES = YES;
				CLANG_WARN_SUSPICIOUS_MOVE = YES;
				CLANG_WARN_UNGUARDED_AVAILABILITY = YES_AGGRESSIVE;
				CLANG_WARN_UNREACHABLE_CODE = YES;
				CLANG_WARN__DUPLICATE_METHOD_MATCH = YES;
				COPY_PHASE_STRIP = NO;
				DEBUG_INFORMATION_FORMAT = "dwarf-with-dsym";
				ENABLE_NS_ASSERTIONS = NO;
				ENABLE_STRICT_OBJC_MSGSEND = YES;
				GCC_C_LANGUAGE_STANDARD = gnu11;
				GCC_NO_COMMON_BLOCKS = YES;
				GCC_WARN_64_TO_32_BIT_CONVERSION = YES;
				GCC_WARN_ABOUT_RETURN_TYPE = YES_ERROR;
				GCC_WARN_UNDECLARED_SELECTOR = YES;
				GCC_WARN_UNINITIALIZED_AUTOS = YES_AGGRESSIVE;
				GCC_WARN_UNUSED_FUNCTION = YES;
				GCC_WARN_UNUSED_VARIABLE = YES;
				IPHONEOS_DEPLOYMENT_TARGET = 16.4;
				MTL_ENABLE_DEBUG_INFO = NO;
				MTL_FAST_MATH = YES;
				SDKROOT = iphoneos;
				SWIFT_COMPILATION_MODE = wholemodule;
				SWIFT_OPTIMIZATION_LEVEL = "-O";
				VALIDATE_PRODUCT = YES;
			};
			name = Release;
		};
		AE1208F52ACADC81008D5725 /* Debug */ = {
			isa = XCBuildConfiguration;
			buildSettings = {
				ASSETCATALOG_COMPILER_APPICON_NAME = AppIcon;
				ASSETCATALOG_COMPILER_GLOBAL_ACCENT_COLOR_NAME = AccentColor;
				CODE_SIGN_STYLE = Automatic;
				CURRENT_PROJECT_VERSION = 1;
				DEVELOPMENT_ASSET_PATHS = "\"Nutmeg/Preview Content\"";
				DEVELOPMENT_TEAM = JQL58D9H52;
				ENABLE_PREVIEWS = YES;
				GENERATE_INFOPLIST_FILE = YES;
				INFOPLIST_KEY_UIApplicationSceneManifest_Generation = YES;
				INFOPLIST_KEY_UIApplicationSupportsIndirectInputEvents = YES;
				INFOPLIST_KEY_UILaunchScreen_Generation = YES;
				INFOPLIST_KEY_UISupportedInterfaceOrientations_iPad = "UIInterfaceOrientationPortrait UIInterfaceOrientationPortraitUpsideDown UIInterfaceOrientationLandscapeLeft UIInterfaceOrientationLandscapeRight";
				INFOPLIST_KEY_UISupportedInterfaceOrientations_iPhone = "UIInterfaceOrientationPortrait UIInterfaceOrientationLandscapeLeft UIInterfaceOrientationLandscapeRight";
				LD_RUNPATH_SEARCH_PATHS = (
					"$(inherited)",
					"@executable_path/Frameworks",
				);
				MARKETING_VERSION = 1.0;
				PRODUCT_BUNDLE_IDENTIFIER = lormas.Nutmeg;
				PRODUCT_NAME = "$(TARGET_NAME)";
				SWIFT_EMIT_LOC_STRINGS = YES;
				SWIFT_VERSION = 5.0;
				TARGETED_DEVICE_FAMILY = "1,2";
			};
			name = Debug;
		};
		AE1208F62ACADC81008D5725 /* Release */ = {
			isa = XCBuildConfiguration;
			buildSettings = {
				ASSETCATALOG_COMPILER_APPICON_NAME = AppIcon;
				ASSETCATALOG_COMPILER_GLOBAL_ACCENT_COLOR_NAME = AccentColor;
				CODE_SIGN_STYLE = Automatic;
				CURRENT_PROJECT_VERSION = 1;
				DEVELOPMENT_ASSET_PATHS = "\"Nutmeg/Preview Content\"";
				DEVELOPMENT_TEAM = JQL58D9H52;
				ENABLE_PREVIEWS = YES;
				GENERATE_INFOPLIST_FILE = YES;
				INFOPLIST_KEY_UIApplicationSceneManifest_Generation = YES;
				INFOPLIST_KEY_UIApplicationSupportsIndirectInputEvents = YES;
				INFOPLIST_KEY_UILaunchScreen_Generation = YES;
				INFOPLIST_KEY_UISupportedInterfaceOrientations_iPad = "UIInterfaceOrientationPortrait UIInterfaceOrientationPortraitUpsideDown UIInterfaceOrientationLandscapeLeft UIInterfaceOrientationLandscapeRight";
				INFOPLIST_KEY_UISupportedInterfaceOrientations_iPhone = "UIInterfaceOrientationPortrait UIInterfaceOrientationLandscapeLeft UIInterfaceOrientationLandscapeRight";
				LD_RUNPATH_SEARCH_PATHS = (
					"$(inherited)",
					"@executable_path/Frameworks",
				);
				MARKETING_VERSION = 1.0;
				PRODUCT_BUNDLE_IDENTIFIER = lormas.Nutmeg;
				PRODUCT_NAME = "$(TARGET_NAME)";
				SWIFT_EMIT_LOC_STRINGS = YES;
				SWIFT_VERSION = 5.0;
				TARGETED_DEVICE_FAMILY = "1,2";
			};
			name = Release;
		};
		AE1208F82ACADC81008D5725 /* Debug */ = {
			isa = XCBuildConfiguration;
			buildSettings = {
				ALWAYS_EMBED_SWIFT_STANDARD_LIBRARIES = YES;
				BUNDLE_LOADER = "$(TEST_HOST)";
				CODE_SIGN_STYLE = Automatic;
				CURRENT_PROJECT_VERSION = 1;
				DEVELOPMENT_TEAM = JQL58D9H52;
				GENERATE_INFOPLIST_FILE = YES;
				IPHONEOS_DEPLOYMENT_TARGET = 16.4;
				MARKETING_VERSION = 1.0;
				PRODUCT_BUNDLE_IDENTIFIER = lormas.NutmegTests;
				PRODUCT_NAME = "$(TARGET_NAME)";
				SWIFT_EMIT_LOC_STRINGS = NO;
				SWIFT_VERSION = 5.0;
				TARGETED_DEVICE_FAMILY = "1,2";
				TEST_HOST = "$(BUILT_PRODUCTS_DIR)/Nutmeg.app/$(BUNDLE_EXECUTABLE_FOLDER_PATH)/Nutmeg";
			};
			name = Debug;
		};
		AE1208F92ACADC81008D5725 /* Release */ = {
			isa = XCBuildConfiguration;
			buildSettings = {
				ALWAYS_EMBED_SWIFT_STANDARD_LIBRARIES = YES;
				BUNDLE_LOADER = "$(TEST_HOST)";
				CODE_SIGN_STYLE = Automatic;
				CURRENT_PROJECT_VERSION = 1;
				DEVELOPMENT_TEAM = JQL58D9H52;
				GENERATE_INFOPLIST_FILE = YES;
				IPHONEOS_DEPLOYMENT_TARGET = 16.4;
				MARKETING_VERSION = 1.0;
				PRODUCT_BUNDLE_IDENTIFIER = lormas.NutmegTests;
				PRODUCT_NAME = "$(TARGET_NAME)";
				SWIFT_EMIT_LOC_STRINGS = NO;
				SWIFT_VERSION = 5.0;
				TARGETED_DEVICE_FAMILY = "1,2";
				TEST_HOST = "$(BUILT_PRODUCTS_DIR)/Nutmeg.app/$(BUNDLE_EXECUTABLE_FOLDER_PATH)/Nutmeg";
			};
			name = Release;
		};
		AE1208FB2ACADC81008D5725 /* Debug */ = {
			isa = XCBuildConfiguration;
			buildSettings = {
				ALWAYS_EMBED_SWIFT_STANDARD_LIBRARIES = YES;
				CODE_SIGN_STYLE = Automatic;
				CURRENT_PROJECT_VERSION = 1;
				DEVELOPMENT_TEAM = JQL58D9H52;
				GENERATE_INFOPLIST_FILE = YES;
				MARKETING_VERSION = 1.0;
				PRODUCT_BUNDLE_IDENTIFIER = lormas.NutmegUITests;
				PRODUCT_NAME = "$(TARGET_NAME)";
				SWIFT_EMIT_LOC_STRINGS = NO;
				SWIFT_VERSION = 5.0;
				TARGETED_DEVICE_FAMILY = "1,2";
				TEST_TARGET_NAME = Nutmeg;
			};
			name = Debug;
		};
		AE1208FC2ACADC81008D5725 /* Release */ = {
			isa = XCBuildConfiguration;
			buildSettings = {
				ALWAYS_EMBED_SWIFT_STANDARD_LIBRARIES = YES;
				CODE_SIGN_STYLE = Automatic;
				CURRENT_PROJECT_VERSION = 1;
				DEVELOPMENT_TEAM = JQL58D9H52;
				GENERATE_INFOPLIST_FILE = YES;
				MARKETING_VERSION = 1.0;
				PRODUCT_BUNDLE_IDENTIFIER = lormas.NutmegUITests;
				PRODUCT_NAME = "$(TARGET_NAME)";
				SWIFT_EMIT_LOC_STRINGS = NO;
				SWIFT_VERSION = 5.0;
				TARGETED_DEVICE_FAMILY = "1,2";
				TEST_TARGET_NAME = Nutmeg;
			};
			name = Release;
		};
/* End XCBuildConfiguration section */

/* Begin XCConfigurationList section */
		AE1208CB2ACADC80008D5725 /* Build configuration list for PBXProject "Nutmeg" */ = {
			isa = XCConfigurationList;
			buildConfigurations = (
				AE1208F22ACADC81008D5725 /* Debug */,
				AE1208F32ACADC81008D5725 /* Release */,
			);
			defaultConfigurationIsVisible = 0;
			defaultConfigurationName = Release;
		};
		AE1208F42ACADC81008D5725 /* Build configuration list for PBXNativeTarget "Nutmeg" */ = {
			isa = XCConfigurationList;
			buildConfigurations = (
				AE1208F52ACADC81008D5725 /* Debug */,
				AE1208F62ACADC81008D5725 /* Release */,
			);
			defaultConfigurationIsVisible = 0;
			defaultConfigurationName = Release;
		};
		AE1208F72ACADC81008D5725 /* Build configuration list for PBXNativeTarget "NutmegTests" */ = {
			isa = XCConfigurationList;
			buildConfigurations = (
				AE1208F82ACADC81008D5725 /* Debug */,
				AE1208F92ACADC81008D5725 /* Release */,
			);
			defaultConfigurationIsVisible = 0;
			defaultConfigurationName = Release;
		};
		AE1208FA2ACADC81008D5725 /* Build configuration list for PBXNativeTarget "NutmegUITests" */ = {
			isa = XCConfigurationList;
			buildConfigurations = (
				AE1208FB2ACADC81008D5725 /* Debug */,
				AE1208FC2ACADC81008D5725 /* Release */,
			);
			defaultConfigurationIsVisible = 0;
			defaultConfigurationName = Release;
		};
/* End XCConfigurationList section */
	};
	rootObject = AE1208C82ACADC80008D5725 /* Project object */;
}
